
Microsoft Visual Studio Solution File, Format Version 12.00
Project("{FAE04EC0-301F-11D3-BF4B-00C04F79EFBC}") = "VehicleManagement.Backend", "VehicleManagement.Backend\VehicleManagement.Backend.csproj", "{C3550F67-1E63-465B-925E-682BA1313A88}"
EndProject
Project("{FAE04EC0-301F-11D3-BF4B-00C04F79EFBC}") = "VehicleManagement.Core", "VehicleManagement.Core\VehicleManagement.Core.csproj", "{05E01892-7E68-4322-BECB-D44CE99CEFC3}"
EndProject
Project("{FAE04EC0-301F-11D3-BF4B-00C04F79EFBC}") = "VehicleManagement.DataContracts", "VehicleManagement.DataContracts\VehicleManagement.DataContracts.csproj", "{75228C59-CECA-4DFF-A814-D3E53FBAB9EE}"
EndProject
Project("{FAE04EC0-301F-11D3-BF4B-00C04F79EFBC}") = "VehicleManagement.DBAccess", "VehicleManagement.DBAccess\VehicleManagement.DBAccess.csproj", "{51A33F13-1BF3-46AF-90E5-2217F5123BB5}"
EndProject
Project("{FAE04EC0-301F-11D3-BF4B-00C04F79EFBC}") = "VehicleManagement.Backend.UnitTests", "VehicleManagement.Backend.UnitTests\VehicleManagement.Backend.UnitTests.csproj", "{246C65B9-0909-4D81-B32F-D1599959E54D}"
EndProject
Project("{FAE04EC0-301F-11D3-BF4B-00C04F79EFBC}") = "VehicleManagement.Core.UnitTests", "VehicleManagement.Core.UnitTests\VehicleManagement.Core.UnitTests.csproj", "{2C745BFB-40C2-40F1-A3DA-451FAEB47F12}"
EndProject
Project("{FAE04EC0-301F-11D3-BF4B-00C04F79EFBC}") = "VehicleManagement.DBAccess.UnitTests", "VehicleManagement.DBAccess.UnitTests\VehicleManagement.DBAccess.UnitTests.csproj", "{5D520870-0B17-415B-832F-CF15A8C949CA}"
EndProject
Project("{FAE04EC0-301F-11D3-BF4B-00C04F79EFBC}") = "VehicleManagement.Core.IntegrationTests", "VehicleManagement.Core.IntegrationTests\VehicleManagement.Core.IntegrationTests.csproj", "{531915D4-1857-4520-B7AF-BFA83E1F2E38}"
EndProject
Project("{FAE04EC0-301F-11D3-BF4B-00C04F79EFBC}") = "VehicleManagement.Backend.IntegrationTests", "VehicleManagement.Backend.IntegrationTests\VehicleManagement.Backend.IntegrationTests.csproj", "{BA619B27-4A34-42EF-A405-EF84DCCFB4A9}"
EndProject
Project("{FAE04EC0-301F-11D3-BF4B-00C04F79EFBC}") = "VehicleManagement.DBAccess.IntegrationTests", "VehicleManagement.DBAccess.IntegrationTests\VehicleManagement.DBAccess.IntegrationTests.csproj", "{503E1323-0603-42C8-99D7-57C6FF871EFC}"
EndProject
Global
	GlobalSection(SolutionConfigurationPlatforms) = preSolution
		Debug|Any CPU = Debug|Any CPU
		Release|Any CPU = Release|Any CPU
	EndGlobalSection
	GlobalSection(ProjectConfigurationPlatforms) = postSolution
		{C3550F67-1E63-465B-925E-682BA1313A88}.Debug|Any CPU.ActiveCfg = Debug|Any CPU
		{C3550F67-1E63-465B-925E-682BA1313A88}.Debug|Any CPU.Build.0 = Debug|Any CPU
		{C3550F67-1E63-465B-925E-682BA1313A88}.Release|Any CPU.ActiveCfg = Release|Any CPU
		{C3550F67-1E63-465B-925E-682BA1313A88}.Release|Any CPU.Build.0 = Release|Any CPU
		{05E01892-7E68-4322-BECB-D44CE99CEFC3}.Debug|Any CPU.ActiveCfg = Debug|Any CPU
		{05E01892-7E68-4322-BECB-D44CE99CEFC3}.Debug|Any CPU.Build.0 = Debug|Any CPU
		{05E01892-7E68-4322-BECB-D44CE99CEFC3}.Release|Any CPU.ActiveCfg = Release|Any CPU
		{05E01892-7E68-4322-BECB-D44CE99CEFC3}.Release|Any CPU.Build.0 = Release|Any CPU
		{75228C59-CECA-4DFF-A814-D3E53FBAB9EE}.Debug|Any CPU.ActiveCfg = Debug|Any CPU
		{75228C59-CECA-4DFF-A814-D3E53FBAB9EE}.Debug|Any CPU.Build.0 = Debug|Any CPU
		{75228C59-CECA-4DFF-A814-D3E53FBAB9EE}.Release|Any CPU.ActiveCfg = Release|Any CPU
		{75228C59-CECA-4DFF-A814-D3E53FBAB9EE}.Release|Any CPU.Build.0 = Release|Any CPU
		{51A33F13-1BF3-46AF-90E5-2217F5123BB5}.Debug|Any CPU.ActiveCfg = Debug|Any CPU
		{51A33F13-1BF3-46AF-90E5-2217F5123BB5}.Debug|Any CPU.Build.0 = Debug|Any CPU
		{51A33F13-1BF3-46AF-90E5-2217F5123BB5}.Release|Any CPU.ActiveCfg = Release|Any CPU
		{51A33F13-1BF3-46AF-90E5-2217F5123BB5}.Release|Any CPU.Build.0 = Release|Any CPU
		{246C65B9-0909-4D81-B32F-D1599959E54D}.Debug|Any CPU.ActiveCfg = Debug|Any CPU
		{246C65B9-0909-4D81-B32F-D1599959E54D}.Debug|Any CPU.Build.0 = Debug|Any CPU
		{246C65B9-0909-4D81-B32F-D1599959E54D}.Release|Any CPU.ActiveCfg = Release|Any CPU
		{246C65B9-0909-4D81-B32F-D1599959E54D}.Release|Any CPU.Build.0 = Release|Any CPU
		{2C745BFB-40C2-40F1-A3DA-451FAEB47F12}.Debug|Any CPU.ActiveCfg = Debug|Any CPU
		{2C745BFB-40C2-40F1-A3DA-451FAEB47F12}.Debug|Any CPU.Build.0 = Debug|Any CPU
		{2C745BFB-40C2-40F1-A3DA-451FAEB47F12}.Release|Any CPU.ActiveCfg = Release|Any CPU
		{2C745BFB-40C2-40F1-A3DA-451FAEB47F12}.Release|Any CPU.Build.0 = Release|Any CPU
		{5D520870-0B17-415B-832F-CF15A8C949CA}.Debug|Any CPU.ActiveCfg = Debug|Any CPU
		{5D520870-0B17-415B-832F-CF15A8C949CA}.Debug|Any CPU.Build.0 = Debug|Any CPU
		{5D520870-0B17-415B-832F-CF15A8C949CA}.Release|Any CPU.ActiveCfg = Release|Any CPU
		{5D520870-0B17-415B-832F-CF15A8C949CA}.Release|Any CPU.Build.0 = Release|Any CPU
		{531915D4-1857-4520-B7AF-BFA83E1F2E38}.Debug|Any CPU.ActiveCfg = Debug|Any CPU
		{531915D4-1857-4520-B7AF-BFA83E1F2E38}.Debug|Any CPU.Build.0 = Debug|Any CPU
		{531915D4-1857-4520-B7AF-BFA83E1F2E38}.Release|Any CPU.ActiveCfg = Release|Any CPU
		{531915D4-1857-4520-B7AF-BFA83E1F2E38}.Release|Any CPU.Build.0 = Release|Any CPU
		{BA619B27-4A34-42EF-A405-EF84DCCFB4A9}.Debug|Any CPU.ActiveCfg = Debug|Any CPU
		{BA619B27-4A34-42EF-A405-EF84DCCFB4A9}.Debug|Any CPU.Build.0 = Debug|Any CPU
		{BA619B27-4A34-42EF-A405-EF84DCCFB4A9}.Release|Any CPU.ActiveCfg = Release|Any CPU
		{BA619B27-4A34-42EF-A405-EF84DCCFB4A9}.Release|Any CPU.Build.0 = Release|Any CPU
		{503E1323-0603-42C8-99D7-57C6FF871EFC}.Debug|Any CPU.ActiveCfg = Debug|Any CPU
		{503E1323-0603-42C8-99D7-57C6FF871EFC}.Debug|Any CPU.Build.0 = Debug|Any CPU
		{503E1323-0603-42C8-99D7-57C6FF871EFC}.Release|Any CPU.ActiveCfg = Release|Any CPU
		{503E1323-0603-42C8-99D7-57C6FF871EFC}.Release|Any CPU.Build.0 = Release|Any CPU
	EndGlobalSection
EndGlobal
